
Microsoft Visual Studio Solution File, Format Version 12.00
# Visual Studio Version 17
VisualStudioVersion = 17.14.36616.10 d17.14
MinimumVisualStudioVersion = 10.0.40219.1
Project("{FAE04EC0-301F-11D3-BF4B-00C04F79EFBC}") = "Bai8", "Bai8\Bai8.csproj", "{14127666-B882-4EB9-B165-9F47A1B445F8}"
EndProject
Global
	GlobalSection(SolutionConfigurationPlatforms) = preSolution
		Debug|Any CPU = Debug|Any CPU
		Release|Any CPU = Release|Any CPU
	EndGlobalSection
	GlobalSection(ProjectConfigurationPlatforms) = postSolution
		{14127666-B882-4EB9-B165-9F47A1B445F8}.Debug|Any CPU.ActiveCfg = Debug|Any CPU
		{14127666-B882-4EB9-B165-9F47A1B445F8}.Debug|Any CPU.Build.0 = Debug|Any CPU
		{14127666-B882-4EB9-B165-9F47A1B445F8}.Release|Any CPU.ActiveCfg = Release|Any CPU
		{14127666-B882-4EB9-B165-9F47A1B445F8}.Release|Any CPU.Build.0 = Release|Any CPU
	EndGlobalSection
	GlobalSection(SolutionProperties) = preSolution
		HideSolutionNode = FALSE
	EndGlobalSection
	GlobalSection(ExtensibilityGlobals) = postSolution
		SolutionGuid = {4227A839-8E4E-4ACA-82C5-5FE293A107CF}
	EndGlobalSection
EndGlobal
